
Microsoft Visual Studio Solution File, Format Version 12.00
# Visual Studio 15
VisualStudioVersion = 15.0.28307.1022
MinimumVisualStudioVersion = 10.0.40219.1
Project("{FAE04EC0-301F-11D3-BF4B-00C04F79EFBC}") = "Cw3", "Cw3\Cw3.csproj", "{88074AC3-B28F-478F-A57F-F89479C43FA7}"
EndProject
Global
	GlobalSection(SolutionConfigurationPlatforms) = preSolution
		Debug|Any CPU = Debug|Any CPU
		Release|Any CPU = Release|Any CPU
	EndGlobalSection
	GlobalSection(ProjectConfigurationPlatforms) = postSolution
		{88074AC3-B28F-478F-A57F-F89479C43FA7}.Debug|Any CPU.ActiveCfg = Debug|Any CPU
		{88074AC3-B28F-478F-A57F-F89479C43FA7}.Debug|Any CPU.Build.0 = Debug|Any CPU
		{88074AC3-B28F-478F-A57F-F89479C43FA7}.Release|Any CPU.ActiveCfg = Release|Any CPU
		{88074AC3-B28F-478F-A57F-F89479C43FA7}.Release|Any CPU.Build.0 = Release|Any CPU
	EndGlobalSection
	GlobalSection(SolutionProperties) = preSolution
		HideSolutionNode = FALSE
	EndGlobalSection
	GlobalSection(ExtensibilityGlobals) = postSolution
		SolutionGuid = {D1F19F6F-827C-4E17-8D2D-D4A0956A380C}
	EndGlobalSection
EndGlobal
