
Microsoft Visual Studio Solution File, Format Version 12.00
# Visual Studio Version 16
VisualStudioVersion = 16.0.29911.84
MinimumVisualStudioVersion = 10.0.40219.1
Project("{9A19103F-16F7-4668-BE54-9A1E7A4F7556}") = "Cw3", "Cw3\Cw3.csproj", "{2906F7C1-EAD7-4509-A2D8-AB820F1D754B}"
EndProject
Global
	GlobalSection(SolutionConfigurationPlatforms) = preSolution
		Debug|Any CPU = Debug|Any CPU
		Release|Any CPU = Release|Any CPU
	EndGlobalSection
	GlobalSection(ProjectConfigurationPlatforms) = postSolution
		{2906F7C1-EAD7-4509-A2D8-AB820F1D754B}.Debug|Any CPU.ActiveCfg = Debug|Any CPU
		{2906F7C1-EAD7-4509-A2D8-AB820F1D754B}.Debug|Any CPU.Build.0 = Debug|Any CPU
		{2906F7C1-EAD7-4509-A2D8-AB820F1D754B}.Release|Any CPU.ActiveCfg = Release|Any CPU
		{2906F7C1-EAD7-4509-A2D8-AB820F1D754B}.Release|Any CPU.Build.0 = Release|Any CPU
	EndGlobalSection
	GlobalSection(SolutionProperties) = preSolution
		HideSolutionNode = FALSE
	EndGlobalSection
	GlobalSection(ExtensibilityGlobals) = postSolution
		SolutionGuid = {105D4AF5-364D-43A9-8454-26BA7BC3DA04}
	EndGlobalSection
EndGlobal
